
Microsoft Visual Studio Solution File, Format Version 12.00
# Visual Studio 15
VisualStudioVersion = 15.0.27703.2026
MinimumVisualStudioVersion = 10.0.40219.1
Project("{FAE04EC0-301F-11D3-BF4B-00C04F79EFBC}") = "MonitoredControlSystem", "MonitoredControlSystem\MonitoredControlSystem.csproj", "{C3872B18-43EC-455B-A8EF-4DA3FA9C1ED9}"
EndProject
Project("{FAE04EC0-301F-11D3-BF4B-00C04F79EFBC}") = "ConsoleHelper", "ConsoleHelper\ConsoleHelper.csproj", "{9DB07B78-8A08-4C68-BBEE-26170EF91F4A}"
EndProject
Project("{FAE04EC0-301F-11D3-BF4B-00C04F79EFBC}") = "MySqlHelper", "MySqlHelper\MySqlHelper.csproj", "{B0409613-1BA3-41C6-923B-A8272F4DFA58}"
EndProject
Project("{FAE04EC0-301F-11D3-BF4B-00C04F79EFBC}") = "CollectionHelper", "CollectionHelper\CollectionHelper.csproj", "{355F7511-2D1A-4867-9C05-6826C234C2C7}"
EndProject
Global
	GlobalSection(SolutionConfigurationPlatforms) = preSolution
		Debug|Any CPU = Debug|Any CPU
		Release|Any CPU = Release|Any CPU
	EndGlobalSection
	GlobalSection(ProjectConfigurationPlatforms) = postSolution
		{C3872B18-43EC-455B-A8EF-4DA3FA9C1ED9}.Debug|Any CPU.ActiveCfg = Debug|Any CPU
		{C3872B18-43EC-455B-A8EF-4DA3FA9C1ED9}.Debug|Any CPU.Build.0 = Debug|Any CPU
		{C3872B18-43EC-455B-A8EF-4DA3FA9C1ED9}.Release|Any CPU.ActiveCfg = Release|Any CPU
		{C3872B18-43EC-455B-A8EF-4DA3FA9C1ED9}.Release|Any CPU.Build.0 = Release|Any CPU
		{9DB07B78-8A08-4C68-BBEE-26170EF91F4A}.Debug|Any CPU.ActiveCfg = Debug|Any CPU
		{9DB07B78-8A08-4C68-BBEE-26170EF91F4A}.Debug|Any CPU.Build.0 = Debug|Any CPU
		{9DB07B78-8A08-4C68-BBEE-26170EF91F4A}.Release|Any CPU.ActiveCfg = Release|Any CPU
		{9DB07B78-8A08-4C68-BBEE-26170EF91F4A}.Release|Any CPU.Build.0 = Release|Any CPU
		{B0409613-1BA3-41C6-923B-A8272F4DFA58}.Debug|Any CPU.ActiveCfg = Debug|Any CPU
		{B0409613-1BA3-41C6-923B-A8272F4DFA58}.Debug|Any CPU.Build.0 = Debug|Any CPU
		{B0409613-1BA3-41C6-923B-A8272F4DFA58}.Release|Any CPU.ActiveCfg = Release|Any CPU
		{B0409613-1BA3-41C6-923B-A8272F4DFA58}.Release|Any CPU.Build.0 = Release|Any CPU
		{355F7511-2D1A-4867-9C05-6826C234C2C7}.Debug|Any CPU.ActiveCfg = Debug|Any CPU
		{355F7511-2D1A-4867-9C05-6826C234C2C7}.Debug|Any CPU.Build.0 = Debug|Any CPU
		{355F7511-2D1A-4867-9C05-6826C234C2C7}.Release|Any CPU.ActiveCfg = Release|Any CPU
		{355F7511-2D1A-4867-9C05-6826C234C2C7}.Release|Any CPU.Build.0 = Release|Any CPU
	EndGlobalSection
	GlobalSection(SolutionProperties) = preSolution
		HideSolutionNode = FALSE
	EndGlobalSection
	GlobalSection(ExtensibilityGlobals) = postSolution
		SolutionGuid = {DCF9E0B0-268C-4716-B568-8E782C8BB652}
	EndGlobalSection
EndGlobal
